
Microsoft Visual Studio Solution File, Format Version 12.00
# Visual Studio Version 16
VisualStudioVersion = 16.0.31727.386
MinimumVisualStudioVersion = 10.0.40219.1
Project("{8BC9CEB8-8B4A-11D0-8D11-00A0C91BC942}") = "Domashka_5_new", "Domashka_5_new.vcxproj", "{FD033F7A-389D-4B46-A117-466FD6B9F203}"
EndProject
Global
	GlobalSection(SolutionConfigurationPlatforms) = preSolution
		Debug|x64 = Debug|x64
		Debug|x86 = Debug|x86
		Release|x64 = Release|x64
		Release|x86 = Release|x86
	EndGlobalSection
	GlobalSection(ProjectConfigurationPlatforms) = postSolution
		{FD033F7A-389D-4B46-A117-466FD6B9F203}.Debug|x64.ActiveCfg = Debug|x64
		{FD033F7A-389D-4B46-A117-466FD6B9F203}.Debug|x64.Build.0 = Debug|x64
		{FD033F7A-389D-4B46-A117-466FD6B9F203}.Debug|x86.ActiveCfg = Debug|Win32
		{FD033F7A-389D-4B46-A117-466FD6B9F203}.Debug|x86.Build.0 = Debug|Win32
		{FD033F7A-389D-4B46-A117-466FD6B9F203}.Release|x64.ActiveCfg = Release|x64
		{FD033F7A-389D-4B46-A117-466FD6B9F203}.Release|x64.Build.0 = Release|x64
		{FD033F7A-389D-4B46-A117-466FD6B9F203}.Release|x86.ActiveCfg = Release|Win32
		{FD033F7A-389D-4B46-A117-466FD6B9F203}.Release|x86.Build.0 = Release|Win32
	EndGlobalSection
	GlobalSection(SolutionProperties) = preSolution
		HideSolutionNode = FALSE
	EndGlobalSection
	GlobalSection(ExtensibilityGlobals) = postSolution
		SolutionGuid = {52D6A493-5397-4179-9BEF-C1C96F6DD6D2}
	EndGlobalSection
EndGlobal
